// !$*UTF8*$!
{
	archiveVersion = 1;
	classes = {
	};
	objectVersion = 46;
	objects = {

/* Begin PBXBuildFile section */
		1AFE834E25A01E801B187D81 /* Pods_Flicks.framework in Frameworks */ = {isa = PBXBuildFile; fileRef = A379D3B655C6D02021A830D7 /* Pods_Flicks.framework */; };
		494BC2331C61D0620062B0CE /* AppDelegate.swift in Sources */ = {isa = PBXBuildFile; fileRef = 494BC2321C61D0620062B0CE /* AppDelegate.swift */; };
		494BC2381C61D0620062B0CE /* Main.storyboard in Resources */ = {isa = PBXBuildFile; fileRef = 494BC2361C61D0620062B0CE /* Main.storyboard */; };
		494BC23A1C61D0620062B0CE /* Assets.xcassets in Resources */ = {isa = PBXBuildFile; fileRef = 494BC2391C61D0620062B0CE /* Assets.xcassets */; };
		494BC23D1C61D0620062B0CE /* LaunchScreen.storyboard in Resources */ = {isa = PBXBuildFile; fileRef = 494BC23B1C61D0620062B0CE /* LaunchScreen.storyboard */; };
		494BC2451C61D0A80062B0CE /* MoviesViewController.swift in Sources */ = {isa = PBXBuildFile; fileRef = 494BC2441C61D0A80062B0CE /* MoviesViewController.swift */; };
		494BC2471C61D1AF0062B0CE /* MovieTableViewCell.swift in Sources */ = {isa = PBXBuildFile; fileRef = 494BC2461C61D1AF0062B0CE /* MovieTableViewCell.swift */; };
		494BC2491C61D78A0062B0CE /* Movie.swift in Sources */ = {isa = PBXBuildFile; fileRef = 494BC2481C61D78A0062B0CE /* Movie.swift */; };
		494BC24D1C6291B90062B0CE /* MovieDetailViewController.swift in Sources */ = {isa = PBXBuildFile; fileRef = 494BC24C1C6291B90062B0CE /* MovieDetailViewController.swift */; };
		4951E1DE1C65747B00E7BE0F /* MovieCollectionViewCell.swift in Sources */ = {isa = PBXBuildFile; fileRef = 4951E1DD1C65747B00E7BE0F /* MovieCollectionViewCell.swift */; };
		4951E1E01C67D95800E7BE0F /* Utils.swift in Sources */ = {isa = PBXBuildFile; fileRef = 4951E1DF1C67D95800E7BE0F /* Utils.swift */; };
		49F522EA1C63A56F003DABFD /* NetworkErrorView.swift in Sources */ = {isa = PBXBuildFile; fileRef = 49F522E91C63A56F003DABFD /* NetworkErrorView.swift */; };
		49F522EC1C63A5A5003DABFD /* NetworkErrorView.xib in Resources */ = {isa = PBXBuildFile; fileRef = 49F522EB1C63A5A5003DABFD /* NetworkErrorView.xib */; };
/* End PBXBuildFile section */

/* Begin PBXFileReference section */
		3FE33F8C4B1E4712C0183F74 /* Pods-Flicks.debug.xcconfig */ = {isa = PBXFileReference; includeInIndex = 1; lastKnownFileType = text.xcconfig; name = "Pods-Flicks.debug.xcconfig"; path = "Pods/Target Support Files/Pods-Flicks/Pods-Flicks.debug.xcconfig"; sourceTree = "<group>"; };
		494BC22F1C61D0620062B0CE /* Flicks.app */ = {isa = PBXFileReference; explicitFileType = wrapper.application; includeInIndex = 0; path = Flicks.app; sourceTree = BUILT_PRODUCTS_DIR; };
		494BC2321C61D0620062B0CE /* AppDelegate.swift */ = {isa = PBXFileReference; lastKnownFileType = sourcecode.swift; path = AppDelegate.swift; sourceTree = "<group>"; };
		494BC2371C61D0620062B0CE /* Base */ = {isa = PBXFileReference; lastKnownFileType = file.storyboard; name = Base; path = Base.lproj/Main.storyboard; sourceTree = "<group>"; };
		494BC2391C61D0620062B0CE /* Assets.xcassets */ = {isa = PBXFileReference; lastKnownFileType = folder.assetcatalog; path = Assets.xcassets; sourceTree = "<group>"; };
		494BC23C1C61D0620062B0CE /* Base */ = {isa = PBXFileReference; lastKnownFileType = file.storyboard; name = Base; path = Base.lproj/LaunchScreen.storyboard; sourceTree = "<group>"; };
		494BC23E1C61D0620062B0CE /* Info.plist */ = {isa = PBXFileReference; lastKnownFileType = text.plist.xml; path = Info.plist; sourceTree = "<group>"; };
		494BC2441C61D0A80062B0CE /* MoviesViewController.swift */ = {isa = PBXFileReference; fileEncoding = 4; lastKnownFileType = sourcecode.swift; path = MoviesViewController.swift; sourceTree = "<group>"; };
		494BC2461C61D1AF0062B0CE /* MovieTableViewCell.swift */ = {isa = PBXFileReference; fileEncoding = 4; lastKnownFileType = sourcecode.swift; path = MovieTableViewCell.swift; sourceTree = "<group>"; };
		494BC2481C61D78A0062B0CE /* Movie.swift */ = {isa = PBXFileReference; fileEncoding = 4; lastKnownFileType = sourcecode.swift; path = Movie.swift; sourceTree = "<group>"; };
		494BC24C1C6291B90062B0CE /* MovieDetailViewController.swift */ = {isa = PBXFileReference; fileEncoding = 4; lastKnownFileType = sourcecode.swift; path = MovieDetailViewController.swift; sourceTree = "<group>"; };
		4951E1DD1C65747B00E7BE0F /* MovieCollectionViewCell.swift */ = {isa = PBXFileReference; fileEncoding = 4; lastKnownFileType = sourcecode.swift; path = MovieCollectionViewCell.swift; sourceTree = "<group>"; };
		4951E1DF1C67D95800E7BE0F /* Utils.swift */ = {isa = PBXFileReference; fileEncoding = 4; lastKnownFileType = sourcecode.swift; path = Utils.swift; sourceTree = "<group>"; };
		49F522E91C63A56F003DABFD /* NetworkErrorView.swift */ = {isa = PBXFileReference; fileEncoding = 4; lastKnownFileType = sourcecode.swift; path = NetworkErrorView.swift; sourceTree = "<group>"; };
		49F522EB1C63A5A5003DABFD /* NetworkErrorView.xib */ = {isa = PBXFileReference; fileEncoding = 4; lastKnownFileType = file.xib; path = NetworkErrorView.xib; sourceTree = "<group>"; };
		63731E2C4E001D21E196525F /* Pods-Flicks.release.xcconfig */ = {isa = PBXFileReference; includeInIndex = 1; lastKnownFileType = text.xcconfig; name = "Pods-Flicks.release.xcconfig"; path = "Pods/Target Support Files/Pods-Flicks/Pods-Flicks.release.xcconfig"; sourceTree = "<group>"; };
		A379D3B655C6D02021A830D7 /* Pods_Flicks.framework */ = {isa = PBXFileReference; explicitFileType = wrapper.framework; includeInIndex = 0; path = Pods_Flicks.framework; sourceTree = BUILT_PRODUCTS_DIR; };
/* End PBXFileReference section */

/* Begin PBXFrameworksBuildPhase section */
		494BC22C1C61D0620062B0CE /* Frameworks */ = {
			isa = PBXFrameworksBuildPhase;
			buildActionMask = 2147483647;
			files = (
				1AFE834E25A01E801B187D81 /* Pods_Flicks.framework in Frameworks */,
			);
			runOnlyForDeploymentPostprocessing = 0;
		};
/* End PBXFrameworksBuildPhase section */

/* Begin PBXGroup section */
		49451C7E1CC0C58800DD5F5F /* Models */ = {
			isa = PBXGroup;
			children = (
				494BC2481C61D78A0062B0CE /* Movie.swift */,
			);
			name = Models;
			sourceTree = "<group>";
		};
		49451C7F1CC0C65D00DD5F5F /* Common Views */ = {
			isa = PBXGroup;
			children = (
				49F522E91C63A56F003DABFD /* NetworkErrorView.swift */,
				49F522EB1C63A5A5003DABFD /* NetworkErrorView.xib */,
			);
			name = "Common Views";
			sourceTree = "<group>";
		};
		49451C801CC0C6CA00DD5F5F /* Movies */ = {
			isa = PBXGroup;
			children = (
				494BC2441C61D0A80062B0CE /* MoviesViewController.swift */,
				494BC2461C61D1AF0062B0CE /* MovieTableViewCell.swift */,
				4951E1DD1C65747B00E7BE0F /* MovieCollectionViewCell.swift */,
			);
			name = Movies;
			sourceTree = "<group>";
		};
		49451C811CC0C6D200DD5F5F /* Movie Detail */ = {
			isa = PBXGroup;
			children = (
				494BC24C1C6291B90062B0CE /* MovieDetailViewController.swift */,
			);
			name = "Movie Detail";
			sourceTree = "<group>";
		};
		49451C821CC0C78300DD5F5F /* Supporting Files */ = {
			isa = PBXGroup;
			children = (
				494BC2321C61D0620062B0CE /* AppDelegate.swift */,
				494BC2391C61D0620062B0CE /* Assets.xcassets */,
				494BC23B1C61D0620062B0CE /* LaunchScreen.storyboard */,
				494BC23E1C61D0620062B0CE /* Info.plist */,
			);
			name = "Supporting Files";
			sourceTree = "<group>";
		};
		49451C831CC0C7CA00DD5F5F /* Utils */ = {
			isa = PBXGroup;
			children = (
				4951E1DF1C67D95800E7BE0F /* Utils.swift */,
			);
			name = Utils;
			sourceTree = "<group>";
		};
		494BC2261C61D0620062B0CE = {
			isa = PBXGroup;
			children = (
				494BC2311C61D0620062B0CE /* Flicks */,
				494BC2301C61D0620062B0CE /* Products */,
				AD597E560EEF4A96AAF05E30 /* Pods */,
				916E7AE45834C2E2DA4EB82D /* Frameworks */,
			);
			sourceTree = "<group>";
		};
		494BC2301C61D0620062B0CE /* Products */ = {
			isa = PBXGroup;
			children = (
				494BC22F1C61D0620062B0CE /* Flicks.app */,
			);
			name = Products;
			sourceTree = "<group>";
		};
		494BC2311C61D0620062B0CE /* Flicks */ = {
			isa = PBXGroup;
			children = (
				49451C801CC0C6CA00DD5F5F /* Movies */,
				49451C811CC0C6D200DD5F5F /* Movie Detail */,
				49451C7F1CC0C65D00DD5F5F /* Common Views */,
				49451C7E1CC0C58800DD5F5F /* Models */,
				494BC2361C61D0620062B0CE /* Main.storyboard */,
				49451C831CC0C7CA00DD5F5F /* Utils */,
				49451C821CC0C78300DD5F5F /* Supporting Files */,
			);
			path = Flicks;
			sourceTree = "<group>";
		};
		916E7AE45834C2E2DA4EB82D /* Frameworks */ = {
			isa = PBXGroup;
			children = (
				A379D3B655C6D02021A830D7 /* Pods_Flicks.framework */,
			);
			name = Frameworks;
			sourceTree = "<group>";
		};
		AD597E560EEF4A96AAF05E30 /* Pods */ = {
			isa = PBXGroup;
			children = (
				3FE33F8C4B1E4712C0183F74 /* Pods-Flicks.debug.xcconfig */,
				63731E2C4E001D21E196525F /* Pods-Flicks.release.xcconfig */,
			);
			name = Pods;
			sourceTree = "<group>";
		};
/* End PBXGroup section */

/* Begin PBXNativeTarget section */
		494BC22E1C61D0620062B0CE /* Flicks */ = {
			isa = PBXNativeTarget;
			buildConfigurationList = 494BC2411C61D0620062B0CE /* Build configuration list for PBXNativeTarget "Flicks" */;
			buildPhases = (
				0F91CF184112DDF31620E2F7 /* Check Pods Manifest.lock */,
				494BC22B1C61D0620062B0CE /* Sources */,
				494BC22C1C61D0620062B0CE /* Frameworks */,
				494BC22D1C61D0620062B0CE /* Resources */,
				7BAF4D82932F77F826D742BB /* Embed Pods Frameworks */,
				1B5FC1E50879E5B07FCF2B5A /* Copy Pods Resources */,
			);
			buildRules = (
			);
			dependencies = (
			);
			name = Flicks;
			productName = Flicks;
			productReference = 494BC22F1C61D0620062B0CE /* Flicks.app */;
			productType = "com.apple.product-type.application";
		};
/* End PBXNativeTarget section */

/* Begin PBXProject section */
		494BC2271C61D0620062B0CE /* Project object */ = {
			isa = PBXProject;
			attributes = {
				LastSwiftUpdateCheck = 0720;
				LastUpgradeCheck = 0720;
				ORGANIZATIONNAME = "Marc Anderson";
				TargetAttributes = {
					494BC22E1C61D0620062B0CE = {
						CreatedOnToolsVersion = 7.2;
					};
				};
			};
			buildConfigurationList = 494BC22A1C61D0620062B0CE /* Build configuration list for PBXProject "Flicks" */;
			compatibilityVersion = "Xcode 3.2";
			developmentRegion = English;
			hasScannedForEncodings = 0;
			knownRegions = (
				en,
				Base,
			);
			mainGroup = 494BC2261C61D0620062B0CE;
			productRefGroup = 494BC2301C61D0620062B0CE /* Products */;
			projectDirPath = "";
			projectRoot = "";
			targets = (
				494BC22E1C61D0620062B0CE /* Flicks */,
			);
		};
/* End PBXProject section */

/* Begin PBXResourcesBuildPhase section */
		494BC22D1C61D0620062B0CE /* Resources */ = {
			isa = PBXResourcesBuildPhase;
			buildActionMask = 2147483647;
			files = (
				49F522EC1C63A5A5003DABFD /* NetworkErrorView.xib in Resources */,
				494BC23D1C61D0620062B0CE /* LaunchScreen.storyboard in Resources */,
				494BC23A1C61D0620062B0CE /* Assets.xcassets in Resources */,
				494BC2381C61D0620062B0CE /* Main.storyboard in Resources */,
			);
			runOnlyForDeploymentPostprocessing = 0;
		};
/* End PBXResourcesBuildPhase section */

/* Begin PBXShellScriptBuildPhase section */
		0F91CF184112DDF31620E2F7 /* Check Pods Manifest.lock */ = {
			isa = PBXShellScriptBuildPhase;
			buildActionMask = 2147483647;
			files = (
			);
			inputPaths = (
			);
			name = "Check Pods Manifest.lock";
			outputPaths = (
			);
			runOnlyForDeploymentPostprocessing = 0;
			shellPath = /bin/sh;
			shellScript = "diff \"${PODS_ROOT}/../Podfile.lock\" \"${PODS_ROOT}/Manifest.lock\" > /dev/null\nif [[ $? != 0 ]] ; then\n    cat << EOM\nerror: The sandbox is not in sync with the Podfile.lock. Run 'pod install' or update your CocoaPods installation.\nEOM\n    exit 1\nfi\n";
			showEnvVarsInLog = 0;
		};
		1B5FC1E50879E5B07FCF2B5A /* Copy Pods Resources */ = {
			isa = PBXShellScriptBuildPhase;
			buildActionMask = 2147483647;
			files = (
			);
			inputPaths = (
			);
			name = "Copy Pods Resources";
			outputPaths = (
			);
			runOnlyForDeploymentPostprocessing = 0;
			shellPath = /bin/sh;
			shellScript = "\"${SRCROOT}/Pods/Target Support Files/Pods-Flicks/Pods-Flicks-resources.sh\"\n";
			showEnvVarsInLog = 0;
		};
		7BAF4D82932F77F826D742BB /* Embed Pods Frameworks */ = {
			isa = PBXShellScriptBuildPhase;
			buildActionMask = 2147483647;
			files = (
			);
			inputPaths = (
			);
			name = "Embed Pods Frameworks";
			outputPaths = (
			);
			runOnlyForDeploymentPostprocessing = 0;
			shellPath = /bin/sh;
			shellScript = "\"${SRCROOT}/Pods/Target Support Files/Pods-Flicks/Pods-Flicks-frameworks.sh\"\n";
			showEnvVarsInLog = 0;
		};
/* End PBXShellScriptBuildPhase section */

/* Begin PBXSourcesBuildPhase section */
		494BC22B1C61D0620062B0CE /* Sources */ = {
			isa = PBXSourcesBuildPhase;
			buildActionMask = 2147483647;
			files = (
				494BC2331C61D0620062B0CE /* AppDelegate.swift in Sources */,
				494BC24D1C6291B90062B0CE /* MovieDetailViewController.swift in Sources */,
				494BC2451C61D0A80062B0CE /* MoviesViewController.swift in Sources */,
				494BC2491C61D78A0062B0CE /* Movie.swift in Sources */,
				4951E1DE1C65747B00E7BE0F /* MovieCollectionViewCell.swift in Sources */,
				49F522EA1C63A56F003DABFD /* NetworkErrorView.swift in Sources */,
				494BC2471C61D1AF0062B0CE /* MovieTableViewCell.swift in Sources */,
				4951E1E01C67D95800E7BE0F /* Utils.swift in Sources */,
			);
			runOnlyForDeploymentPostprocessing = 0;
		};
/* End PBXSourcesBuildPhase section */

/* Begin PBXVariantGroup section */
		494BC2361C61D0620062B0CE /* Main.storyboard */ = {
			isa = PBXVariantGroup;
			children = (
				494BC2371C61D0620062B0CE /* Base */,
			);
			name = Main.storyboard;
			sourceTree = "<group>";
		};
		494BC23B1C61D0620062B0CE /* LaunchScreen.storyboard */ = {
			isa = PBXVariantGroup;
			children = (
				494BC23C1C61D0620062B0CE /* Base */,
			);
			name = LaunchScreen.storyboard;
			sourceTree = "<group>";
		};
/* End PBXVariantGroup section */

/* Begin XCBuildConfiguration section */
		494BC23F1C61D0620062B0CE /* Debug */ = {
			isa = XCBuildConfiguration;
			buildSettings = {
				ALWAYS_SEARCH_USER_PATHS = NO;
				CLANG_CXX_LANGUAGE_STANDARD = "gnu++0x";
				CLANG_CXX_LIBRARY = "libc++";
				CLANG_ENABLE_MODULES = YES;
				CLANG_ENABLE_OBJC_ARC = YES;
				CLANG_WARN_BOOL_CONVERSION = YES;
				CLANG_WARN_CONSTANT_CONVERSION = YES;
				CLANG_WARN_DIRECT_OBJC_ISA_USAGE = YES_ERROR;
				CLANG_WARN_EMPTY_BODY = YES;
				CLANG_WARN_ENUM_CONVERSION = YES;
				CLANG_WARN_INT_CONVERSION = YES;
				CLANG_WARN_OBJC_ROOT_CLASS = YES_ERROR;
				CLANG_WARN_UNREACHABLE_CODE = YES;
				CLANG_WARN__DUPLICATE_METHOD_MATCH = YES;
				"CODE_SIGN_IDENTITY[sdk=iphoneos*]" = "iPhone Developer";
				COPY_PHASE_STRIP = NO;
				DEBUG_INFORMATION_FORMAT = dwarf;
				ENABLE_STRICT_OBJC_MSGSEND = YES;
				ENABLE_TESTABILITY = YES;
				GCC_C_LANGUAGE_STANDARD = gnu99;
				GCC_DYNAMIC_NO_PIC = NO;
				GCC_NO_COMMON_BLOCKS = YES;
				GCC_OPTIMIZATION_LEVEL = 0;
				GCC_PREPROCESSOR_DEFINITIONS = (
					"DEBUG=1",
					"$(inherited)",
				);
				GCC_WARN_64_TO_32_BIT_CONVERSION = YES;
				GCC_WARN_ABOUT_RETURN_TYPE = YES_ERROR;
				GCC_WARN_UNDECLARED_SELECTOR = YES;
				GCC_WARN_UNINITIALIZED_AUTOS = YES_AGGRESSIVE;
				GCC_WARN_UNUSED_FUNCTION = YES;
				GCC_WARN_UNUSED_VARIABLE = YES;
				IPHONEOS_DEPLOYMENT_TARGET = 9.2;
				MTL_ENABLE_DEBUG_INFO = YES;
				ONLY_ACTIVE_ARCH = YES;
				SDKROOT = iphoneos;
				SWIFT_OPTIMIZATION_LEVEL = "-Onone";
			};
			name = Debug;
		};
		494BC2401C61D0620062B0CE /* Release */ = {
			isa = XCBuildConfiguration;
			buildSettings = {
				ALWAYS_SEARCH_USER_PATHS = NO;
				CLANG_CXX_LANGUAGE_STANDARD = "gnu++0x";
				CLANG_CXX_LIBRARY = "libc++";
				CLANG_ENABLE_MODULES = YES;
				CLANG_ENABLE_OBJC_ARC = YES;
				CLANG_WARN_BOOL_CONVERSION = YES;
				CLANG_WARN_CONSTANT_CONVERSION = YES;
				CLANG_WARN_DIRECT_OBJC_ISA_USAGE = YES_ERROR;
				CLANG_WARN_EMPTY_BODY = YES;
				CLANG_WARN_ENUM_CONVERSION = YES;
				CLANG_WARN_INT_CONVERSION = YES;
				CLANG_WARN_OBJC_ROOT_CLASS = YES_ERROR;
				CLANG_WARN_UNREACHABLE_CODE = YES;
				CLANG_WARN__DUPLICATE_METHOD_MATCH = YES;
				"CODE_SIGN_IDENTITY[sdk=iphoneos*]" = "iPhone Developer";
				COPY_PHASE_STRIP = NO;
				DEBUG_INFORMATION_FORMAT = "dwarf-with-dsym";
				ENABLE_NS_ASSERTIONS = NO;
				ENABLE_STRICT_OBJC_MSGSEND = YES;
				GCC_C_LANGUAGE_STANDARD = gnu99;
				GCC_NO_COMMON_BLOCKS = YES;
				GCC_WARN_64_TO_32_BIT_CONVERSION = YES;
				GCC_WARN_ABOUT_RETURN_TYPE = YES_ERROR;
				GCC_WARN_UNDECLARED_SELECTOR = YES;
				GCC_WARN_UNINITIALIZED_AUTOS = YES_AGGRESSIVE;
				GCC_WARN_UNUSED_FUNCTION = YES;
				GCC_WARN_UNUSED_VARIABLE = YES;
				IPHONEOS_DEPLOYMENT_TARGET = 9.2;
				MTL_ENABLE_DEBUG_INFO = NO;
				SDKROOT = iphoneos;
				VALIDATE_PRODUCT = YES;
			};
			name = Release;
		};
		494BC2421C61D0620062B0CE /* Debug */ = {
			isa = XCBuildConfiguration;
			baseConfigurationReference = 3FE33F8C4B1E4712C0183F74 /* Pods-Flicks.debug.xcconfig */;
			buildSettings = {
				ASSETCATALOG_COMPILER_APPICON_NAME = AppIcon;
				INFOPLIST_FILE = Flicks/Info.plist;
				LD_RUNPATH_SEARCH_PATHS = "$(inherited) @executable_path/Frameworks";
				PRODUCT_BUNDLE_IDENTIFIER = com.marcadam.Flicks;
				PRODUCT_NAME = "$(TARGET_NAME)";
			};
			name = Debug;
		};
		494BC2431C61D0620062B0CE /* Release */ = {
			isa = XCBuildConfiguration;
			baseConfigurationReference = 63731E2C4E001D21E196525F /* Pods-Flicks.release.xcconfig */;
			buildSettings = {
				ASSETCATALOG_COMPILER_APPICON_NAME = AppIcon;
				INFOPLIST_FILE = Flicks/Info.plist;
				LD_RUNPATH_SEARCH_PATHS = "$(inherited) @executable_path/Frameworks";
				PRODUCT_BUNDLE_IDENTIFIER = com.marcadam.Flicks;
				PRODUCT_NAME = "$(TARGET_NAME)";
			};
			name = Release;
		};
/* End XCBuildConfiguration section */

/* Begin XCConfigurationList section */
		494BC22A1C61D0620062B0CE /* Build configuration list for PBXProject "Flicks" */ = {
			isa = XCConfigurationList;
			buildConfigurations = (
				494BC23F1C61D0620062B0CE /* Debug */,
				494BC2401C61D0620062B0CE /* Release */,
			);
			defaultConfigurationIsVisible = 0;
			defaultConfigurationName = Release;
		};
		494BC2411C61D0620062B0CE /* Build configuration list for PBXNativeTarget "Flicks" */ = {
			isa = XCConfigurationList;
			buildConfigurations = (
				494BC2421C61D0620062B0CE /* Debug */,
				494BC2431C61D0620062B0CE /* Release */,
			);
			defaultConfigurationIsVisible = 0;
			defaultConfigurationName = Release;
		};
/* End XCConfigurationList section */
	};
	rootObject = 494BC2271C61D0620062B0CE /* Project object */;
}
